
Microsoft Visual Studio Solution File, Format Version 12.00
# Visual Studio 14
VisualStudioVersion = 14.0.25420.1
MinimumVisualStudioVersion = 10.0.40219.1
Project("{FAE04EC0-301F-11D3-BF4B-00C04F79EFBC}") = "MVCWatchmanBatch", "MVCWatchmanBatch\MVCWatchmanBatch.csproj", "{47D47648-33B8-453A-A2B9-95CE1300BC5F}"
EndProject
Project("{FAE04EC0-301F-11D3-BF4B-00C04F79EFBC}") = "MVCRockersBatch", "MVCRockersBatch\MVCRockersBatch.csproj", "{A25D465B-3F8C-4B03-8932-2301E927AE07}"
EndProject
Project("{FAE04EC0-301F-11D3-BF4B-00C04F79EFBC}") = "AdoDotNet", "AdoDotNet\AdoDotNet.csproj", "{2318DD0B-438F-4FE1-978D-5C9FEDE0E2CC}"
EndProject
Project("{FAE04EC0-301F-11D3-BF4B-00C04F79EFBC}") = "DatabaseFirstApproach", "DatabaseFirstApproach\DatabaseFirstApproach.csproj", "{D0D2E70E-D004-4ADC-9D60-011746F6045A}"
EndProject
Project("{FAE04EC0-301F-11D3-BF4B-00C04F79EFBC}") = "DatabaseApproach2", "DatabaseApproach2\DatabaseApproach2.csproj", "{B9A8B83B-6D33-4E8A-BE14-7409C0E8A8B5}"
EndProject
Project("{FAE04EC0-301F-11D3-BF4B-00C04F79EFBC}") = "CodeFirstApproachExample", "CodeFirstApproachExample\CodeFirstApproachExample.csproj", "{24402F6D-E7F1-42AD-8108-77ECAC6FE367}"
EndProject
Global
	GlobalSection(SolutionConfigurationPlatforms) = preSolution
		Debug|Any CPU = Debug|Any CPU
		Release|Any CPU = Release|Any CPU
	EndGlobalSection
	GlobalSection(ProjectConfigurationPlatforms) = postSolution
		{47D47648-33B8-453A-A2B9-95CE1300BC5F}.Debug|Any CPU.ActiveCfg = Debug|Any CPU
		{47D47648-33B8-453A-A2B9-95CE1300BC5F}.Debug|Any CPU.Build.0 = Debug|Any CPU
		{47D47648-33B8-453A-A2B9-95CE1300BC5F}.Release|Any CPU.ActiveCfg = Release|Any CPU
		{47D47648-33B8-453A-A2B9-95CE1300BC5F}.Release|Any CPU.Build.0 = Release|Any CPU
		{A25D465B-3F8C-4B03-8932-2301E927AE07}.Debug|Any CPU.ActiveCfg = Debug|Any CPU
		{A25D465B-3F8C-4B03-8932-2301E927AE07}.Debug|Any CPU.Build.0 = Debug|Any CPU
		{A25D465B-3F8C-4B03-8932-2301E927AE07}.Release|Any CPU.ActiveCfg = Release|Any CPU
		{A25D465B-3F8C-4B03-8932-2301E927AE07}.Release|Any CPU.Build.0 = Release|Any CPU
		{2318DD0B-438F-4FE1-978D-5C9FEDE0E2CC}.Debug|Any CPU.ActiveCfg = Debug|Any CPU
		{2318DD0B-438F-4FE1-978D-5C9FEDE0E2CC}.Debug|Any CPU.Build.0 = Debug|Any CPU
		{2318DD0B-438F-4FE1-978D-5C9FEDE0E2CC}.Release|Any CPU.ActiveCfg = Release|Any CPU
		{2318DD0B-438F-4FE1-978D-5C9FEDE0E2CC}.Release|Any CPU.Build.0 = Release|Any CPU
		{D0D2E70E-D004-4ADC-9D60-011746F6045A}.Debug|Any CPU.ActiveCfg = Debug|Any CPU
		{D0D2E70E-D004-4ADC-9D60-011746F6045A}.Debug|Any CPU.Build.0 = Debug|Any CPU
		{D0D2E70E-D004-4ADC-9D60-011746F6045A}.Release|Any CPU.ActiveCfg = Release|Any CPU
		{D0D2E70E-D004-4ADC-9D60-011746F6045A}.Release|Any CPU.Build.0 = Release|Any CPU
		{B9A8B83B-6D33-4E8A-BE14-7409C0E8A8B5}.Debug|Any CPU.ActiveCfg = Debug|Any CPU
		{B9A8B83B-6D33-4E8A-BE14-7409C0E8A8B5}.Debug|Any CPU.Build.0 = Debug|Any CPU
		{B9A8B83B-6D33-4E8A-BE14-7409C0E8A8B5}.Release|Any CPU.ActiveCfg = Release|Any CPU
		{B9A8B83B-6D33-4E8A-BE14-7409C0E8A8B5}.Release|Any CPU.Build.0 = Release|Any CPU
		{24402F6D-E7F1-42AD-8108-77ECAC6FE367}.Debug|Any CPU.ActiveCfg = Debug|Any CPU
		{24402F6D-E7F1-42AD-8108-77ECAC6FE367}.Debug|Any CPU.Build.0 = Debug|Any CPU
		{24402F6D-E7F1-42AD-8108-77ECAC6FE367}.Release|Any CPU.ActiveCfg = Release|Any CPU
		{24402F6D-E7F1-42AD-8108-77ECAC6FE367}.Release|Any CPU.Build.0 = Release|Any CPU
	EndGlobalSection
	GlobalSection(SolutionProperties) = preSolution
		HideSolutionNode = FALSE
	EndGlobalSection
EndGlobal
